# THIS IS AN AUTOGENERATED FILE. DO NOT EDIT THIS FILE DIRECTLY.
# yarn lockfile v1


typescript@^3.8.0-dev.20191122:
  version "3.8.0-dev.20191122"
  resolved "https://registry.yarnpkg.com/typescript/-/typescript-3.8.0-dev.20191122.tgz#eb9da550440cb6f7a24d2b5f4d73e7752d065f67"
  integrity sha512-E+l7/55CItD/egNKlODdG42EpfKQPYXnPH0TA5l4pkmCozMKDnDRnlg8DkRq2Vh/7ZDAJIH8R9/YhviAwpsObA==
